{
  "name": "HackIllinois-Stripe",
  "lockfileVersion": 3,
  "requires": true,
  "packages": {
    "": {
      "dependencies": {
        "@prisma/client": "^7.4.2"
      }
    },
    "node_modules/@prisma/client": {
      "version": "7.4.2",
      "resolved": "https://registry.npmjs.org/@prisma/client/-/client-7.4.2.tgz",
      "integrity": "sha512-ts2mu+cQHriAhSxngO3StcYubBGTWDtu/4juZhXCUKOwgh26l+s4KD3vT2kMUzFyrYnll9u/3qWrtzRv9CGWzA==",
      "license": "Apache-2.0",
      "dependencies": {
        "@prisma/client-runtime-utils": "7.4.2"
      },
      "engines": {
        "node": "^20.19 || ^22.12 || >=24.0"
      },
      "peerDependencies": {
        "prisma": "*",
        "typescript": ">=5.4.0"
      },
      "peerDependenciesMeta": {
        "prisma": {
          "optional": true
        },
        "typescript": {
          "optional": true
        }
      }
    },
    "node_modules/@prisma/client-runtime-utils": {
      "version": "7.4.2",
      "resolved": "https://registry.npmjs.org/@prisma/client-runtime-utils/-/client-runtime-utils-7.4.2.tgz",
      "integrity": "sha512-cID+rzOEb38VyMsx5LwJMEY4NGIrWCNpKu/0ImbeooQ2Px7TI+kOt7cm0NelxUzF2V41UVVXAmYjANZQtCu1/Q==",
      "license": "Apache-2.0"
    }
  }
}
